<?xml version="1.0" encoding="utf-8"?>
<Project ToolsVersion="4.0" xmlns="http://schemas.microsoft.com/developer/msbuild/2003">
  <ItemGroup>
    <Filter Include="Source Files">
      <UniqueIdentifier>{4FC737F1-C7A5-4376-A066-2A32D752A2FF}</UniqueIdentifier>
      <Extensions>cpp;c;cc;cxx;def;odl;idl;hpj;bat;asm;asmx</Extensions>
    </Filter>
    <Filter Include="Header Files">
      <UniqueIdentifier>{93995380-89BD-4b04-88EB-625FBE52EBFB}</UniqueIdentifier>
      <Extensions>h;hh;hpp;hxx;hm;inl;inc;xsd</Extensions>
    </Filter>
    <Filter Include="Resource Files">
      <UniqueIdentifier>{67DA6AB6-F800-4c08-8B7A-83BB121AAD01}</UniqueIdentifier>
      <Extensions>rc;ico;cur;bmp;dlg;rc2;rct;bin;rgs;gif;jpg;jpeg;jpe;resx;tiff;tif;png;wav;mfcribbon-ms</Extensions>
    </Filter>
    <Filter Include="Shaders">
      <UniqueIdentifier>{8b6c92a8-f65d-451e-80e3-d65773602b92}</UniqueIdentifier>
    </Filter>
    <Filter Include="Source Files\ChiliStuff">
      <UniqueIdentifier>{b78341a3-9051-4a3a-bff7-62aab226fedc}</UniqueIdentifier>
    </Filter>
    <Filter Include="Header Files\ChiliStuff">
      <UniqueIdentifier>{0f4353ce-99ad-44e8-b576-05d361c0655d}</UniqueIdentifier>
    </Filter>
    <Filter Include="Source Files\UI Base Classes">
      <UniqueIdentifier>{67964a3e-5c00-46f4-95f3-e81896bdecaf}</UniqueIdentifier>
    </Filter>
    <Filter Include="Header Files\Expanders">
      <UniqueIdentifier>{e12006a1-d701-47fd-8cc5-c2e7e7261af6}</UniqueIdentifier>
    </Filter>
    <Filter Include="Source Files\Expanders">
      <UniqueIdentifier>{2b60522b-f1e1-415e-b77b-0f6889f00088}</UniqueIdentifier>
    </Filter>
    <Filter Include="Header Files\UI Base Classes">
      <UniqueIdentifier>{6012153c-40d3-4e46-9edb-a3c5337caa76}</UniqueIdentifier>
    </Filter>
    <Filter Include="Header Files\Managers">
      <UniqueIdentifier>{f001b409-275e-4a1d-9d8b-121ec7b6bf89}</UniqueIdentifier>
    </Filter>
    <Filter Include="Source Files\Managers">
      <UniqueIdentifier>{6d46da0e-3bbf-4ad0-a0f3-c8aba46b2ab2}</UniqueIdentifier>
    </Filter>
  </ItemGroup>
  <ItemGroup>
    <ClInclude Include="Game.h">
      <Filter>Header Files</Filter>
    </ClInclude>
    <ClInclude Include="COMInitializer.h">
      <Filter>Header Files\ChiliStuff</Filter>
    </ClInclude>
    <ClInclude Include="DXErr.h">
      <Filter>Header Files\ChiliStuff</Filter>
    </ClInclude>
    <ClInclude Include="ChiliException.h">
      <Filter>Header Files\ChiliStuff</Filter>
    </ClInclude>
    <ClInclude Include="ChiliWin.h">
      <Filter>Header Files\ChiliStuff</Filter>
    </ClInclude>
    <ClInclude Include="Keyboard.h">
      <Filter>Header Files\ChiliStuff</Filter>
    </ClInclude>
    <ClInclude Include="Colors.h">
      <Filter>Header Files\ChiliStuff</Filter>
    </ClInclude>
    <ClInclude Include="Graphics.h">
      <Filter>Header Files\ChiliStuff</Filter>
    </ClInclude>
    <ClInclude Include="Resource.h">
      <Filter>Header Files\ChiliStuff</Filter>
    </ClInclude>
    <ClInclude Include="Sound.h">
      <Filter>Header Files\ChiliStuff</Filter>
    </ClInclude>
    <ClInclude Include="SoundEffect.h">
      <Filter>Header Files\ChiliStuff</Filter>
    </ClInclude>
    <ClInclude Include="Mouse.h">
      <Filter>Header Files\ChiliStuff</Filter>
    </ClInclude>
    <ClInclude Include="MainWindow.h">
      <Filter>Header Files\ChiliStuff</Filter>
    </ClInclude>
    <ClInclude Include="Tuple.h">
      <Filter>Header Files</Filter>
    </ClInclude>
    <ClInclude Include="Rect.h">
      <Filter>Header Files</Filter>
    </ClInclude>
    <ClInclude Include="InputHandler.h">
      <Filter>Header Files</Filter>
    </ClInclude>
    <ClInclude Include="ActionPanel.h">
      <Filter>Header Files\UI Base Classes</Filter>
    </ClInclude>
    <ClInclude Include="Panel.h">
      <Filter>Header Files\UI Base Classes</Filter>
    </ClInclude>
    <ClInclude Include="MasterUIPanel.h">
      <Filter>Header Files</Filter>
    </ClInclude>
    <ClInclude Include="Cell.h">
      <Filter>Header Files</Filter>
    </ClInclude>
    <ClInclude Include="ExpandablePanel.h">
      <Filter>Header Files\UI Base Classes</Filter>
    </ClInclude>
    <ClInclude Include="SpritePanel.h">
      <Filter>Header Files</Filter>
    </ClInclude>
    <ClInclude Include="Container.h">
      <Filter>Header Files</Filter>
    </ClInclude>
    <ClInclude Include="TextPanel.h">
      <Filter>Header Files</Filter>
    </ClInclude>
    <ClInclude Include="Board.h">
      <Filter>Header Files</Filter>
    </ClInclude>
    <ClInclude Include="PlayPanel.h">
      <Filter>Header Files</Filter>
    </ClInclude>
    <ClInclude Include="SideBar.h">
      <Filter>Header Files</Filter>
    </ClInclude>
    <ClInclude Include="BrushRadioGroup.h">
      <Filter>Header Files</Filter>
    </ClInclude>
    <ClInclude Include="Brush.h">
      <Filter>Header Files</Filter>
    </ClInclude>
    <ClInclude Include="BrushExpander.h">
      <Filter>Header Files\Expanders</Filter>
    </ClInclude>
    <ClInclude Include="Button.h">
      <Filter>Header Files\UI Base Classes</Filter>
    </ClInclude>
    <ClInclude Include="CheckBox.h">
      <Filter>Header Files\UI Base Classes</Filter>
    </ClInclude>
    <ClInclude Include="EditExpander.h">
      <Filter>Header Files\Expanders</Filter>
    </ClInclude>
    <ClInclude Include="ShortcutsExpander.h">
      <Filter>Header Files\Expanders</Filter>
    </ClInclude>
    <ClInclude Include="InputManager.h">
      <Filter>Header Files\Managers</Filter>
    </ClInclude>
    <ClInclude Include="BrushManager.h">
      <Filter>Header Files\Managers</Filter>
    </ClInclude>
    <ClInclude Include="Seperator.h">
      <Filter>Header Files\UI Base Classes</Filter>
    </ClInclude>
    <ClInclude Include="Slider.h">
      <Filter>Header Files\UI Base Classes</Filter>
    </ClInclude>
    <ClInclude Include="ShortcutManager.h">
      <Filter>Header Files\Managers</Filter>
    </ClInclude>
    <ClInclude Include="RadioGroup.h">
      <Filter>Header Files\UI Base Classes</Filter>
    </ClInclude>
    <ClInclude Include="SpeedExpander.h">
      <Filter>Header Files</Filter>
    </ClInclude>
  </ItemGroup>
  <ItemGroup>
    <ClCompile Include="COMInitializer.cpp">
      <Filter>Source Files\ChiliStuff</Filter>
    </ClCompile>
    <ClCompile Include="DXErr.cpp">
      <Filter>Source Files\ChiliStuff</Filter>
    </ClCompile>
    <ClCompile Include="Graphics.cpp">
      <Filter>Source Files\ChiliStuff</Filter>
    </ClCompile>
    <ClCompile Include="Keyboard.cpp">
      <Filter>Source Files\ChiliStuff</Filter>
    </ClCompile>
    <ClCompile Include="MainWindow.cpp">
      <Filter>Source Files\ChiliStuff</Filter>
    </ClCompile>
    <ClCompile Include="Mouse.cpp">
      <Filter>Source Files\ChiliStuff</Filter>
    </ClCompile>
    <ClCompile Include="Sound.cpp">
      <Filter>Source Files\ChiliStuff</Filter>
    </ClCompile>
    <ClCompile Include="Main.cpp">
      <Filter>Source Files\ChiliStuff</Filter>
    </ClCompile>
    <ClCompile Include="Game.cpp">
      <Filter>Source Files</Filter>
    </ClCompile>
    <ClCompile Include="Tuple.cpp">
      <Filter>Source Files</Filter>
    </ClCompile>
    <ClCompile Include="Rect.cpp">
      <Filter>Source Files</Filter>
    </ClCompile>
    <ClCompile Include="InputHandler.cpp">
      <Filter>Source Files</Filter>
    </ClCompile>
    <ClCompile Include="Panel.cpp">
      <Filter>Source Files\UI Base Classes</Filter>
    </ClCompile>
    <ClCompile Include="ActionPanel.cpp">
      <Filter>Source Files\UI Base Classes</Filter>
    </ClCompile>
    <ClCompile Include="MasterUIPanel.cpp">
      <Filter>Source Files</Filter>
    </ClCompile>
    <ClCompile Include="Cell.cpp">
      <Filter>Source Files</Filter>
    </ClCompile>
    <ClCompile Include="ExpandablePanel.cpp">
      <Filter>Source Files\UI Base Classes</Filter>
    </ClCompile>
    <ClCompile Include="SpritePanel.cpp">
      <Filter>Source Files</Filter>
    </ClCompile>
    <ClCompile Include="TextPanel.cpp">
      <Filter>Source Files</Filter>
    </ClCompile>
    <ClCompile Include="Board.cpp">
      <Filter>Source Files</Filter>
    </ClCompile>
    <ClCompile Include="PlayPanel.cpp">
      <Filter>Source Files</Filter>
    </ClCompile>
    <ClCompile Include="SideBar.cpp">
      <Filter>Source Files</Filter>
    </ClCompile>
    <ClCompile Include="BrushRadioGroup.cpp">
      <Filter>Source Files</Filter>
    </ClCompile>
    <ClCompile Include="Brush.cpp">
      <Filter>Source Files</Filter>
    </ClCompile>
    <ClCompile Include="Button.cpp">
      <Filter>Source Files\UI Base Classes</Filter>
    </ClCompile>
    <ClCompile Include="BrushExpander.cpp">
      <Filter>Source Files\Expanders</Filter>
    </ClCompile>
    <ClCompile Include="EditExpander.cpp">
      <Filter>Source Files\Expanders</Filter>
    </ClCompile>
    <ClCompile Include="ShortcutsExpander.cpp">
      <Filter>Source Files\Expanders</Filter>
    </ClCompile>
    <ClCompile Include="Slider.cpp">
      <Filter>Source Files\UI Base Classes</Filter>
    </ClCompile>
    <ClCompile Include="Container.cpp">
      <Filter>Source Files\UI Base Classes</Filter>
    </ClCompile>
    <ClCompile Include="Seperator.cpp">
      <Filter>Source Files\UI Base Classes</Filter>
    </ClCompile>
    <ClCompile Include="BrushManager.cpp">
      <Filter>Source Files\Managers</Filter>
    </ClCompile>
    <ClCompile Include="InputManager.cpp">
      <Filter>Source Files\Managers</Filter>
    </ClCompile>
    <ClCompile Include="ShortcutManager.cpp">
      <Filter>Source Files\Managers</Filter>
    </ClCompile>
    <ClCompile Include="RadioGroup.cpp">
      <Filter>Source Files\UI Base Classes</Filter>
    </ClCompile>
    <ClCompile Include="CheckBox.cpp">
      <Filter>Source Files\UI Base Classes</Filter>
    </ClCompile>
    <ClCompile Include="SpeedExpander.cpp">
      <Filter>Source Files</Filter>
    </ClCompile>
  </ItemGroup>
  <ItemGroup>
    <FxCompile Include="FramebufferPS.hlsl">
      <Filter>Shaders</Filter>
    </FxCompile>
    <FxCompile Include="FramebufferVS.hlsl">
      <Filter>Shaders</Filter>
    </FxCompile>
  </ItemGroup>
  <ItemGroup>
    <ResourceCompile Include="Resource.rc">
      <Filter>Resource Files</Filter>
    </ResourceCompile>
  </ItemGroup>
  <ItemGroup>
    <Image Include="Chili.ico">
      <Filter>Resource Files</Filter>
    </Image>
    <Image Include="Images\Fixedsys8x14.bmp">
      <Filter>Resource Files</Filter>
    </Image>
    <Image Include="Images\Fixedsys16x28.bmp">
      <Filter>Resource Files</Filter>
    </Image>
    <Image Include="Images\Step50x50.bmp">
      <Filter>Resource Files</Filter>
    </Image>
    <Image Include="Images\Play50x50.bmp">
      <Filter>Resource Files</Filter>
    </Image>
    <Image Include="Images\Stop50x50.bmp">
      <Filter>Resource Files</Filter>
    </Image>
  </ItemGroup>
</Project>